<?xml version="1.0" encoding="utf-8"?>
<Project ToolsVersion="4.0" xmlns="http://schemas.microsoft.com/developer/msbuild/2003">
  <ItemGroup>
    <Filter Include="materials">
      <UniqueIdentifier>{78a55293-444a-4d65-8a3d-9ea548b01d8e}</UniqueIdentifier>
    </Filter>
    <Filter Include="music">
      <UniqueIdentifier>{01857239-7988-453a-9bc5-e095dd5b9cfe}</UniqueIdentifier>
    </Filter>
    <Filter Include="System">
      <UniqueIdentifier>{ebb1afc8-42d1-45f3-8b16-448dabbcda85}</UniqueIdentifier>
    </Filter>
    <Filter Include="generators">
      <UniqueIdentifier>{d16505e4-7c26-44d0-baa3-983e689e5f67}</UniqueIdentifier>
    </Filter>
  </ItemGroup>
  <ItemGroup>
    <ClCompile Include="..\materials\material11.cpp">
      <Filter>materials</Filter>
    </ClCompile>
    <ClCompile Include="..\materials\material20.cpp">
      <Filter>materials</Filter>
    </ClCompile>
    <ClCompile Include="..\materials\materialdirect.cpp">
      <Filter>materials</Filter>
    </ClCompile>
    <ClCompile Include="..\materials\rtmanager.cpp">
      <Filter>materials</Filter>
    </ClCompile>
    <ClCompile Include="..\shadercodegen.cpp">
      <Filter>materials</Filter>
    </ClCompile>
    <ClCompile Include="..\_viruz2.cpp">
      <Filter>music</Filter>
    </ClCompile>
    <ClCompile Include="..\_lekktor.cpp">
      <Filter>System</Filter>
    </ClCompile>
    <ClCompile Include="..\_start.cpp">
      <Filter>System</Filter>
    </ClCompile>
    <ClCompile Include="..\_types.cpp">
      <Filter>System</Filter>
    </ClCompile>
    <ClCompile Include="..\genbitmap.cpp">
      <Filter>generators</Filter>
    </ClCompile>
    <ClCompile Include="..\genblobspline.cpp">
      <Filter>generators</Filter>
    </ClCompile>
    <ClCompile Include="..\geneffect.cpp">
      <Filter>generators</Filter>
    </ClCompile>
    <ClCompile Include="..\geneffectdebris.cpp">
      <Filter>generators</Filter>
    </ClCompile>
    <ClCompile Include="..\geneffectex.cpp">
      <Filter>generators</Filter>
    </ClCompile>
    <ClCompile Include="..\geneffectipp.cpp">
      <Filter>generators</Filter>
    </ClCompile>
    <ClCompile Include="..\genmaterial.cpp">
      <Filter>generators</Filter>
    </ClCompile>
    <ClCompile Include="..\genmesh.cpp">
      <Filter>generators</Filter>
    </ClCompile>
    <ClCompile Include="..\genminmesh.cpp">
      <Filter>generators</Filter>
    </ClCompile>
    <ClCompile Include="..\genoverlay.cpp">
      <Filter>generators</Filter>
    </ClCompile>
    <ClCompile Include="..\genscene.cpp">
      <Filter>generators</Filter>
    </ClCompile>
    <ClCompile Include="..\engine.cpp" />
    <ClCompile Include="intro_oplist.cpp" />
    <ClCompile Include="..\kdoc.cpp" />
    <ClCompile Include="..\mainplayer.cpp" />
  </ItemGroup>
  <ItemGroup>
    <ClInclude Include="..\materials\material11.hpp">
      <Filter>materials</Filter>
    </ClInclude>
    <ClInclude Include="..\materials\material20.hpp">
      <Filter>materials</Filter>
    </ClInclude>
    <ClInclude Include="..\materials\materialdirect.hpp">
      <Filter>materials</Filter>
    </ClInclude>
    <ClInclude Include="..\materials\rtmanager.hpp">
      <Filter>materials</Filter>
    </ClInclude>
    <ClInclude Include="..\shadercodegen.hpp">
      <Filter>materials</Filter>
    </ClInclude>
    <ClInclude Include="..\_viruz2.hpp">
      <Filter>music</Filter>
    </ClInclude>
    <ClInclude Include="..\_lekktor.hpp">
      <Filter>System</Filter>
    </ClInclude>
    <ClInclude Include="..\_start.hpp">
      <Filter>System</Filter>
    </ClInclude>
    <ClInclude Include="..\_startdx.hpp">
      <Filter>System</Filter>
    </ClInclude>
    <ClInclude Include="..\_types.hpp">
      <Filter>System</Filter>
    </ClInclude>
    <ClInclude Include="..\genbitmap.hpp">
      <Filter>generators</Filter>
    </ClInclude>
    <ClInclude Include="..\genblobspline.hpp">
      <Filter>generators</Filter>
    </ClInclude>
    <ClInclude Include="..\geneffect.hpp">
      <Filter>generators</Filter>
    </ClInclude>
    <ClInclude Include="..\geneffectdebris.hpp">
      <Filter>generators</Filter>
    </ClInclude>
    <ClInclude Include="..\geneffectex.hpp">
      <Filter>generators</Filter>
    </ClInclude>
    <ClInclude Include="..\geneffectipp.hpp">
      <Filter>generators</Filter>
    </ClInclude>
    <ClInclude Include="..\genmaterial.hpp">
      <Filter>generators</Filter>
    </ClInclude>
    <ClInclude Include="..\genmesh.hpp">
      <Filter>generators</Filter>
    </ClInclude>
    <ClInclude Include="..\genminmesh.hpp">
      <Filter>generators</Filter>
    </ClInclude>
    <ClInclude Include="..\genoverlay.hpp">
      <Filter>generators</Filter>
    </ClInclude>
    <ClInclude Include="..\genscene.hpp">
      <Filter>generators</Filter>
    </ClInclude>
    <ClInclude Include="..\engine.hpp" />
    <ClInclude Include="intro_config.hpp" />
    <ClInclude Include="..\kdoc.hpp" />
    <ClInclude Include="..\player_demo\resource.h" />
  </ItemGroup>
  <ItemGroup>
    <ResourceCompile Include="..\player_demo\demo_resource.rc" />
  </ItemGroup>
  <ItemGroup>
    <CustomBuild Include="..\_viruz2a.asm">
      <Filter>music</Filter>
    </CustomBuild>
  </ItemGroup>
</Project>